
Microsoft Visual Studio Solution File, Format Version 12.00
# Visual Studio Version 17
VisualStudioVersion = 17.13.35919.96
MinimumVisualStudioVersion = 10.0.40219.1
Project("{FAE04EC0-301F-11D3-BF4B-00C04F79EFBC}") = "ScrappingMockHerois", "ScrappingMockMuseu\ScrappingMockHerois.csproj", "{7835416D-958A-4098-A0C1-0D04C5C13114}"
EndProject
Project("{FAE04EC0-301F-11D3-BF4B-00C04F79EFBC}") = "ScrappingMockMaisEsportes", "ScrappingMockMaisEsportes\ScrappingMockMaisEsportes.csproj", "{622265D0-C18C-4A49-B3F2-8404F1211375}"
EndProject
Project("{FAE04EC0-301F-11D3-BF4B-00C04F79EFBC}") = "ScrappingMockPersonalidades", "ScrappingMockPersonalidade\ScrappingMockPersonalidades.csproj", "{35BABC4F-F7EA-4A71-B353-DDB02BC78716}"
EndProject
Project("{FAE04EC0-301F-11D3-BF4B-00C04F79EFBC}") = "ScrappingMockPresidentes", "ScrappingMockPresidentes\ScrappingMockPresidentes.csproj", "{0D635C38-F852-4B85-B297-8DFE234FEC8B}"
EndProject
Project("{FAE04EC0-301F-11D3-BF4B-00C04F79EFBC}") = "ScrappingMockFutebol", "ScrappingMockFutebol\ScrappingMockFutebol.csproj", "{973868FF-9C6C-42B9-A209-6C45877C5F48}"
EndProject
Project("{FAE04EC0-301F-11D3-BF4B-00C04F79EFBC}") = "ScrappingMockBasquete", "ScrappingMockBasquete\ScrappingMockBasquete.csproj", "{49A40233-DA0B-4CF9-98FB-15CBFB373768}"
EndProject
Project("{FAE04EC0-301F-11D3-BF4B-00C04F79EFBC}") = "ScrappingMockRemo", "ScrappingMockRemo\ScrappingMockRemo.csproj", "{C9C3642E-2C25-47E7-807B-937016BB570D}"
EndProject
Project("{FAE04EC0-301F-11D3-BF4B-00C04F79EFBC}") = "ScrappingMockArquibancada", "ScrappingMockArquibancada\ScrappingMockArquibancada.csproj", "{6099419A-B61E-47C0-B47F-5EE24338C200}"
EndProject
Project("{FAE04EC0-301F-11D3-BF4B-00C04F79EFBC}") = "ScrappingMockAcervo", "ScrappingMockAcervo\ScrappingMockAcervo.csproj", "{EFF266EA-386A-421D-9EF3-BABEC84EA55B}"
EndProject
Project("{FAE04EC0-301F-11D3-BF4B-00C04F79EFBC}") = "ScrappingMockVestimentas", "ScrappingMockVestimentas\ScrappingMockVestimentas.csproj", "{71766075-D1A1-4530-AE01-9E9E9339512F}"
EndProject
Project("{FAE04EC0-301F-11D3-BF4B-00C04F79EFBC}") = "ScrappingMockBandeirasFaixasFlamulas", "ScrappingMockBandeirasFaixasFlamulas\ScrappingMockBandeirasFaixasFlamulas.csproj", "{EACF1F65-DA5F-4AD5-A151-9D845DFBF36E}"
EndProject
Project("{FAE04EC0-301F-11D3-BF4B-00C04F79EFBC}") = "ScrappingMockEquipamentosEsportivos", "ScrappingMockEquipamentosEsportivos\ScrappingMockEquipamentosEsportivos.csproj", "{D21608DA-C155-4BC8-817E-93E0E50DD911}"
EndProject
Project("{FAE04EC0-301F-11D3-BF4B-00C04F79EFBC}") = "ScrappingMockIconografia", "ScrappingMockIconografia\ScrappingMockIconografia.csproj", "{3F7E08B4-E6D7-4318-9EE0-96F922A77BE2}"
EndProject
Project("{FAE04EC0-301F-11D3-BF4B-00C04F79EFBC}") = "ScrappingMockDiversos", "ScrappingMockDiversos\ScrappingMockDiversos.csproj", "{B4B70F8F-804D-41F1-8D7C-1E2B05D83B87}"
EndProject
Project("{FAE04EC0-301F-11D3-BF4B-00C04F79EFBC}") = "ScrappingMockMusicas", "ScrappingMockMusicas\ScrappingMockMusicas.csproj", "{6C2BCAF9-02AB-43BE-AD3C-8F4AAF33BFED}"
EndProject
Global
	GlobalSection(SolutionConfigurationPlatforms) = preSolution
		Debug|Any CPU = Debug|Any CPU
		Release|Any CPU = Release|Any CPU
	EndGlobalSection
	GlobalSection(ProjectConfigurationPlatforms) = postSolution
		{7835416D-958A-4098-A0C1-0D04C5C13114}.Debug|Any CPU.ActiveCfg = Debug|Any CPU
		{7835416D-958A-4098-A0C1-0D04C5C13114}.Debug|Any CPU.Build.0 = Debug|Any CPU
		{7835416D-958A-4098-A0C1-0D04C5C13114}.Release|Any CPU.ActiveCfg = Release|Any CPU
		{7835416D-958A-4098-A0C1-0D04C5C13114}.Release|Any CPU.Build.0 = Release|Any CPU
		{622265D0-C18C-4A49-B3F2-8404F1211375}.Debug|Any CPU.ActiveCfg = Debug|Any CPU
		{622265D0-C18C-4A49-B3F2-8404F1211375}.Debug|Any CPU.Build.0 = Debug|Any CPU
		{622265D0-C18C-4A49-B3F2-8404F1211375}.Release|Any CPU.ActiveCfg = Release|Any CPU
		{622265D0-C18C-4A49-B3F2-8404F1211375}.Release|Any CPU.Build.0 = Release|Any CPU
		{35BABC4F-F7EA-4A71-B353-DDB02BC78716}.Debug|Any CPU.ActiveCfg = Debug|Any CPU
		{35BABC4F-F7EA-4A71-B353-DDB02BC78716}.Debug|Any CPU.Build.0 = Debug|Any CPU
		{35BABC4F-F7EA-4A71-B353-DDB02BC78716}.Release|Any CPU.ActiveCfg = Release|Any CPU
		{35BABC4F-F7EA-4A71-B353-DDB02BC78716}.Release|Any CPU.Build.0 = Release|Any CPU
		{0D635C38-F852-4B85-B297-8DFE234FEC8B}.Debug|Any CPU.ActiveCfg = Debug|Any CPU
		{0D635C38-F852-4B85-B297-8DFE234FEC8B}.Debug|Any CPU.Build.0 = Debug|Any CPU
		{0D635C38-F852-4B85-B297-8DFE234FEC8B}.Release|Any CPU.ActiveCfg = Release|Any CPU
		{0D635C38-F852-4B85-B297-8DFE234FEC8B}.Release|Any CPU.Build.0 = Release|Any CPU
		{973868FF-9C6C-42B9-A209-6C45877C5F48}.Debug|Any CPU.ActiveCfg = Debug|Any CPU
		{973868FF-9C6C-42B9-A209-6C45877C5F48}.Debug|Any CPU.Build.0 = Debug|Any CPU
		{973868FF-9C6C-42B9-A209-6C45877C5F48}.Release|Any CPU.ActiveCfg = Release|Any CPU
		{973868FF-9C6C-42B9-A209-6C45877C5F48}.Release|Any CPU.Build.0 = Release|Any CPU
		{49A40233-DA0B-4CF9-98FB-15CBFB373768}.Debug|Any CPU.ActiveCfg = Debug|Any CPU
		{49A40233-DA0B-4CF9-98FB-15CBFB373768}.Debug|Any CPU.Build.0 = Debug|Any CPU
		{49A40233-DA0B-4CF9-98FB-15CBFB373768}.Release|Any CPU.ActiveCfg = Release|Any CPU
		{49A40233-DA0B-4CF9-98FB-15CBFB373768}.Release|Any CPU.Build.0 = Release|Any CPU
		{C9C3642E-2C25-47E7-807B-937016BB570D}.Debug|Any CPU.ActiveCfg = Debug|Any CPU
		{C9C3642E-2C25-47E7-807B-937016BB570D}.Debug|Any CPU.Build.0 = Debug|Any CPU
		{C9C3642E-2C25-47E7-807B-937016BB570D}.Release|Any CPU.ActiveCfg = Release|Any CPU
		{C9C3642E-2C25-47E7-807B-937016BB570D}.Release|Any CPU.Build.0 = Release|Any CPU
		{6099419A-B61E-47C0-B47F-5EE24338C200}.Debug|Any CPU.ActiveCfg = Debug|Any CPU
		{6099419A-B61E-47C0-B47F-5EE24338C200}.Debug|Any CPU.Build.0 = Debug|Any CPU
		{6099419A-B61E-47C0-B47F-5EE24338C200}.Release|Any CPU.ActiveCfg = Release|Any CPU
		{6099419A-B61E-47C0-B47F-5EE24338C200}.Release|Any CPU.Build.0 = Release|Any CPU
		{EFF266EA-386A-421D-9EF3-BABEC84EA55B}.Debug|Any CPU.ActiveCfg = Debug|Any CPU
		{EFF266EA-386A-421D-9EF3-BABEC84EA55B}.Debug|Any CPU.Build.0 = Debug|Any CPU
		{EFF266EA-386A-421D-9EF3-BABEC84EA55B}.Release|Any CPU.ActiveCfg = Release|Any CPU
		{EFF266EA-386A-421D-9EF3-BABEC84EA55B}.Release|Any CPU.Build.0 = Release|Any CPU
		{71766075-D1A1-4530-AE01-9E9E9339512F}.Debug|Any CPU.ActiveCfg = Debug|Any CPU
		{71766075-D1A1-4530-AE01-9E9E9339512F}.Debug|Any CPU.Build.0 = Debug|Any CPU
		{71766075-D1A1-4530-AE01-9E9E9339512F}.Release|Any CPU.ActiveCfg = Release|Any CPU
		{71766075-D1A1-4530-AE01-9E9E9339512F}.Release|Any CPU.Build.0 = Release|Any CPU
		{EACF1F65-DA5F-4AD5-A151-9D845DFBF36E}.Debug|Any CPU.ActiveCfg = Debug|Any CPU
		{EACF1F65-DA5F-4AD5-A151-9D845DFBF36E}.Debug|Any CPU.Build.0 = Debug|Any CPU
		{EACF1F65-DA5F-4AD5-A151-9D845DFBF36E}.Release|Any CPU.ActiveCfg = Release|Any CPU
		{EACF1F65-DA5F-4AD5-A151-9D845DFBF36E}.Release|Any CPU.Build.0 = Release|Any CPU
		{D21608DA-C155-4BC8-817E-93E0E50DD911}.Debug|Any CPU.ActiveCfg = Debug|Any CPU
		{D21608DA-C155-4BC8-817E-93E0E50DD911}.Debug|Any CPU.Build.0 = Debug|Any CPU
		{D21608DA-C155-4BC8-817E-93E0E50DD911}.Release|Any CPU.ActiveCfg = Release|Any CPU
		{D21608DA-C155-4BC8-817E-93E0E50DD911}.Release|Any CPU.Build.0 = Release|Any CPU
		{3F7E08B4-E6D7-4318-9EE0-96F922A77BE2}.Debug|Any CPU.ActiveCfg = Debug|Any CPU
		{3F7E08B4-E6D7-4318-9EE0-96F922A77BE2}.Debug|Any CPU.Build.0 = Debug|Any CPU
		{3F7E08B4-E6D7-4318-9EE0-96F922A77BE2}.Release|Any CPU.ActiveCfg = Release|Any CPU
		{3F7E08B4-E6D7-4318-9EE0-96F922A77BE2}.Release|Any CPU.Build.0 = Release|Any CPU
		{B4B70F8F-804D-41F1-8D7C-1E2B05D83B87}.Debug|Any CPU.ActiveCfg = Debug|Any CPU
		{B4B70F8F-804D-41F1-8D7C-1E2B05D83B87}.Debug|Any CPU.Build.0 = Debug|Any CPU
		{B4B70F8F-804D-41F1-8D7C-1E2B05D83B87}.Release|Any CPU.ActiveCfg = Release|Any CPU
		{B4B70F8F-804D-41F1-8D7C-1E2B05D83B87}.Release|Any CPU.Build.0 = Release|Any CPU
		{6C2BCAF9-02AB-43BE-AD3C-8F4AAF33BFED}.Debug|Any CPU.ActiveCfg = Debug|Any CPU
		{6C2BCAF9-02AB-43BE-AD3C-8F4AAF33BFED}.Debug|Any CPU.Build.0 = Debug|Any CPU
		{6C2BCAF9-02AB-43BE-AD3C-8F4AAF33BFED}.Release|Any CPU.ActiveCfg = Release|Any CPU
		{6C2BCAF9-02AB-43BE-AD3C-8F4AAF33BFED}.Release|Any CPU.Build.0 = Release|Any CPU
	EndGlobalSection
	GlobalSection(SolutionProperties) = preSolution
		HideSolutionNode = FALSE
	EndGlobalSection
	GlobalSection(ExtensibilityGlobals) = postSolution
		SolutionGuid = {767E99F6-5A22-4C3F-BD24-26EF87DE3192}
	EndGlobalSection
EndGlobal
